// !$*UTF8*$!
{
	archiveVersion = 1;
	classes = {
	};
	objectVersion = 48;
	objects = {

/* Begin PBXBuildFile section */
		F26736C0203EA1090079FB76 /* AppDelegate.m in Sources */ = {isa = PBXBuildFile; fileRef = F26736BF203EA1090079FB76 /* AppDelegate.m */; };
		F26736C3203EA1090079FB76 /* ViewController.m in Sources */ = {isa = PBXBuildFile; fileRef = F26736C2203EA1090079FB76 /* ViewController.m */; };
		F26736C6203EA1090079FB76 /* Main.storyboard in Resources */ = {isa = PBXBuildFile; fileRef = F26736C4203EA1090079FB76 /* Main.storyboard */; };
		F26736C8203EA1090079FB76 /* Assets.xcassets in Resources */ = {isa = PBXBuildFile; fileRef = F26736C7203EA1090079FB76 /* Assets.xcassets */; };
		F26736CB203EA1090079FB76 /* LaunchScreen.storyboard in Resources */ = {isa = PBXBuildFile; fileRef = F26736C9203EA1090079FB76 /* LaunchScreen.storyboard */; };
		F26736CE203EA1090079FB76 /* main.m in Sources */ = {isa = PBXBuildFile; fileRef = F26736CD203EA1090079FB76 /* main.m */; };
		F26736DC203EA2DE0079FB76 /* QYParallaxScrollView.m in Sources */ = {isa = PBXBuildFile; fileRef = F26736DB203EA2DE0079FB76 /* QYParallaxScrollView.m */; };
		F26736DF203EA3500079FB76 /* QYParallaxScrollViewCell.m in Sources */ = {isa = PBXBuildFile; fileRef = F26736DE203EA3500079FB76 /* QYParallaxScrollViewCell.m */; };
/* End PBXBuildFile section */

/* Begin PBXFileReference section */
		F26736BB203EA1090079FB76 /* QYParallaxScrollViewDemo.app */ = {isa = PBXFileReference; explicitFileType = wrapper.application; includeInIndex = 0; path = QYParallaxScrollViewDemo.app; sourceTree = BUILT_PRODUCTS_DIR; };
		F26736BE203EA1090079FB76 /* AppDelegate.h */ = {isa = PBXFileReference; lastKnownFileType = sourcecode.c.h; path = AppDelegate.h; sourceTree = "<group>"; };
		F26736BF203EA1090079FB76 /* AppDelegate.m */ = {isa = PBXFileReference; lastKnownFileType = sourcecode.c.objc; path = AppDelegate.m; sourceTree = "<group>"; };
		F26736C1203EA1090079FB76 /* ViewController.h */ = {isa = PBXFileReference; lastKnownFileType = sourcecode.c.h; path = ViewController.h; sourceTree = "<group>"; };
		F26736C2203EA1090079FB76 /* ViewController.m */ = {isa = PBXFileReference; lastKnownFileType = sourcecode.c.objc; path = ViewController.m; sourceTree = "<group>"; };
		F26736C5203EA1090079FB76 /* Base */ = {isa = PBXFileReference; lastKnownFileType = file.storyboard; name = Base; path = Base.lproj/Main.storyboard; sourceTree = "<group>"; };
		F26736C7203EA1090079FB76 /* Assets.xcassets */ = {isa = PBXFileReference; lastKnownFileType = folder.assetcatalog; path = Assets.xcassets; sourceTree = "<group>"; };
		F26736CA203EA1090079FB76 /* Base */ = {isa = PBXFileReference; lastKnownFileType = file.storyboard; name = Base; path = Base.lproj/LaunchScreen.storyboard; sourceTree = "<group>"; };
		F26736CC203EA1090079FB76 /* Info.plist */ = {isa = PBXFileReference; lastKnownFileType = text.plist.xml; path = Info.plist; sourceTree = "<group>"; };
		F26736CD203EA1090079FB76 /* main.m */ = {isa = PBXFileReference; lastKnownFileType = sourcecode.c.objc; path = main.m; sourceTree = "<group>"; };
		F26736DA203EA2DE0079FB76 /* QYParallaxScrollView.h */ = {isa = PBXFileReference; fileEncoding = 4; lastKnownFileType = sourcecode.c.h; path = QYParallaxScrollView.h; sourceTree = "<group>"; };
		F26736DB203EA2DE0079FB76 /* QYParallaxScrollView.m */ = {isa = PBXFileReference; fileEncoding = 4; lastKnownFileType = sourcecode.c.objc; path = QYParallaxScrollView.m; sourceTree = "<group>"; };
		F26736DD203EA3500079FB76 /* QYParallaxScrollViewCell.h */ = {isa = PBXFileReference; lastKnownFileType = sourcecode.c.h; path = QYParallaxScrollViewCell.h; sourceTree = "<group>"; };
		F26736DE203EA3500079FB76 /* QYParallaxScrollViewCell.m */ = {isa = PBXFileReference; lastKnownFileType = sourcecode.c.objc; path = QYParallaxScrollViewCell.m; sourceTree = "<group>"; };
/* End PBXFileReference section */

/* Begin PBXFrameworksBuildPhase section */
		F26736B8203EA1090079FB76 /* Frameworks */ = {
			isa = PBXFrameworksBuildPhase;
			buildActionMask = 2147483647;
			files = (
			);
			runOnlyForDeploymentPostprocessing = 0;
		};
/* End PBXFrameworksBuildPhase section */

/* Begin PBXGroup section */
		F26736B2203EA1080079FB76 = {
			isa = PBXGroup;
			children = (
				F26736D9203EA2DE0079FB76 /* QYParallaxScrollView */,
				F26736BD203EA1090079FB76 /* QYParallaxScrollViewDemo */,
				F26736BC203EA1090079FB76 /* Products */,
			);
			sourceTree = "<group>";
		};
		F26736BC203EA1090079FB76 /* Products */ = {
			isa = PBXGroup;
			children = (
				F26736BB203EA1090079FB76 /* QYParallaxScrollViewDemo.app */,
			);
			name = Products;
			sourceTree = "<group>";
		};
		F26736BD203EA1090079FB76 /* QYParallaxScrollViewDemo */ = {
			isa = PBXGroup;
			children = (
				F26736BE203EA1090079FB76 /* AppDelegate.h */,
				F26736BF203EA1090079FB76 /* AppDelegate.m */,
				F26736C1203EA1090079FB76 /* ViewController.h */,
				F26736C2203EA1090079FB76 /* ViewController.m */,
				F26736C4203EA1090079FB76 /* Main.storyboard */,
				F26736C7203EA1090079FB76 /* Assets.xcassets */,
				F26736C9203EA1090079FB76 /* LaunchScreen.storyboard */,
				F26736CC203EA1090079FB76 /* Info.plist */,
				F26736CD203EA1090079FB76 /* main.m */,
			);
			path = QYParallaxScrollViewDemo;
			sourceTree = "<group>";
		};
		F26736D9203EA2DE0079FB76 /* QYParallaxScrollView */ = {
			isa = PBXGroup;
			children = (
				F26736DA203EA2DE0079FB76 /* QYParallaxScrollView.h */,
				F26736DB203EA2DE0079FB76 /* QYParallaxScrollView.m */,
				F26736DD203EA3500079FB76 /* QYParallaxScrollViewCell.h */,
				F26736DE203EA3500079FB76 /* QYParallaxScrollViewCell.m */,
			);
			name = QYParallaxScrollView;
			path = ../QYParallaxScrollView;
			sourceTree = "<group>";
		};
/* End PBXGroup section */

/* Begin PBXNativeTarget section */
		F26736BA203EA1090079FB76 /* QYParallaxScrollViewDemo */ = {
			isa = PBXNativeTarget;
			buildConfigurationList = F26736D1203EA1090079FB76 /* Build configuration list for PBXNativeTarget "QYParallaxScrollViewDemo" */;
			buildPhases = (
				F26736B7203EA1090079FB76 /* Sources */,
				F26736B8203EA1090079FB76 /* Frameworks */,
				F26736B9203EA1090079FB76 /* Resources */,
			);
			buildRules = (
			);
			dependencies = (
			);
			name = QYParallaxScrollViewDemo;
			productName = QYParallaxScrollViewDemo;
			productReference = F26736BB203EA1090079FB76 /* QYParallaxScrollViewDemo.app */;
			productType = "com.apple.product-type.application";
		};
/* End PBXNativeTarget section */

/* Begin PBXProject section */
		F26736B3203EA1080079FB76 /* Project object */ = {
			isa = PBXProject;
			attributes = {
				LastUpgradeCheck = 0920;
				ORGANIZATIONNAME = "Qeye Wang";
				TargetAttributes = {
					F26736BA203EA1090079FB76 = {
						CreatedOnToolsVersion = 9.2;
						ProvisioningStyle = Automatic;
					};
				};
			};
			buildConfigurationList = F26736B6203EA1090079FB76 /* Build configuration list for PBXProject "QYParallaxScrollViewDemo" */;
			compatibilityVersion = "Xcode 8.0";
			developmentRegion = en;
			hasScannedForEncodings = 0;
			knownRegions = (
				en,
				Base,
			);
			mainGroup = F26736B2203EA1080079FB76;
			productRefGroup = F26736BC203EA1090079FB76 /* Products */;
			projectDirPath = "";
			projectRoot = "";
			targets = (
				F26736BA203EA1090079FB76 /* QYParallaxScrollViewDemo */,
			);
		};
/* End PBXProject section */

/* Begin PBXResourcesBuildPhase section */
		F26736B9203EA1090079FB76 /* Resources */ = {
			isa = PBXResourcesBuildPhase;
			buildActionMask = 2147483647;
			files = (
				F26736CB203EA1090079FB76 /* LaunchScreen.storyboard in Resources */,
				F26736C8203EA1090079FB76 /* Assets.xcassets in Resources */,
				F26736C6203EA1090079FB76 /* Main.storyboard in Resources */,
			);
			runOnlyForDeploymentPostprocessing = 0;
		};
/* End PBXResourcesBuildPhase section */

/* Begin PBXSourcesBuildPhase section */
		F26736B7203EA1090079FB76 /* Sources */ = {
			isa = PBXSourcesBuildPhase;
			buildActionMask = 2147483647;
			files = (
				F26736C3203EA1090079FB76 /* ViewController.m in Sources */,
				F26736CE203EA1090079FB76 /* main.m in Sources */,
				F26736DC203EA2DE0079FB76 /* QYParallaxScrollView.m in Sources */,
				F26736C0203EA1090079FB76 /* AppDelegate.m in Sources */,
				F26736DF203EA3500079FB76 /* QYParallaxScrollViewCell.m in Sources */,
			);
			runOnlyForDeploymentPostprocessing = 0;
		};
/* End PBXSourcesBuildPhase section */

/* Begin PBXVariantGroup section */
		F26736C4203EA1090079FB76 /* Main.storyboard */ = {
			isa = PBXVariantGroup;
			children = (
				F26736C5203EA1090079FB76 /* Base */,
			);
			name = Main.storyboard;
			sourceTree = "<group>";
		};
		F26736C9203EA1090079FB76 /* LaunchScreen.storyboard */ = {
			isa = PBXVariantGroup;
			children = (
				F26736CA203EA1090079FB76 /* Base */,
			);
			name = LaunchScreen.storyboard;
			sourceTree = "<group>";
		};
/* End PBXVariantGroup section */

/* Begin XCBuildConfiguration section */
		F26736CF203EA1090079FB76 /* Debug */ = {
			isa = XCBuildConfiguration;
			buildSettings = {
				ALWAYS_SEARCH_USER_PATHS = NO;
				CLANG_ANALYZER_NONNULL = YES;
				CLANG_ANALYZER_NUMBER_OBJECT_CONVERSION = YES_AGGRESSIVE;
				CLANG_CXX_LANGUAGE_STANDARD = "gnu++14";
				CLANG_CXX_LIBRARY = "libc++";
				CLANG_ENABLE_MODULES = YES;
				CLANG_ENABLE_OBJC_ARC = YES;
				CLANG_WARN_BLOCK_CAPTURE_AUTORELEASING = YES;
				CLANG_WARN_BOOL_CONVERSION = YES;
				CLANG_WARN_COMMA = YES;
				CLANG_WARN_CONSTANT_CONVERSION = YES;
				CLANG_WARN_DIRECT_OBJC_ISA_USAGE = YES_ERROR;
				CLANG_WARN_DOCUMENTATION_COMMENTS = YES;
				CLANG_WARN_EMPTY_BODY = YES;
				CLANG_WARN_ENUM_CONVERSION = YES;
				CLANG_WARN_INFINITE_RECURSION = YES;
				CLANG_WARN_INT_CONVERSION = YES;
				CLANG_WARN_NON_LITERAL_NULL_CONVERSION = YES;
				CLANG_WARN_OBJC_LITERAL_CONVERSION = YES;
				CLANG_WARN_OBJC_ROOT_CLASS = YES_ERROR;
				CLANG_WARN_RANGE_LOOP_ANALYSIS = YES;
				CLANG_WARN_STRICT_PROTOTYPES = YES;
				CLANG_WARN_SUSPICIOUS_MOVE = YES;
				CLANG_WARN_UNGUARDED_AVAILABILITY = YES_AGGRESSIVE;
				CLANG_WARN_UNREACHABLE_CODE = YES;
				CLANG_WARN__DUPLICATE_METHOD_MATCH = YES;
				CODE_SIGN_IDENTITY = "iPhone Developer";
				COPY_PHASE_STRIP = NO;
				DEBUG_INFORMATION_FORMAT = dwarf;
				ENABLE_STRICT_OBJC_MSGSEND = YES;
				ENABLE_TESTABILITY = YES;
				GCC_C_LANGUAGE_STANDARD = gnu11;
				GCC_DYNAMIC_NO_PIC = NO;
				GCC_NO_COMMON_BLOCKS = YES;
				GCC_OPTIMIZATION_LEVEL = 0;
				GCC_PREPROCESSOR_DEFINITIONS = (
					"DEBUG=1",
					"$(inherited)",
				);
				GCC_WARN_64_TO_32_BIT_CONVERSION = YES;
				GCC_WARN_ABOUT_RETURN_TYPE = YES_ERROR;
				GCC_WARN_UNDECLARED_SELECTOR = YES;
				GCC_WARN_UNINITIALIZED_AUTOS = YES_AGGRESSIVE;
				GCC_WARN_UNUSED_FUNCTION = YES;
				GCC_WARN_UNUSED_VARIABLE = YES;
				IPHONEOS_DEPLOYMENT_TARGET = 11.2;
				MTL_ENABLE_DEBUG_INFO = YES;
				ONLY_ACTIVE_ARCH = YES;
				SDKROOT = iphoneos;
			};
			name = Debug;
		};
		F26736D0203EA1090079FB76 /* Release */ = {
			isa = XCBuildConfiguration;
			buildSettings = {
				ALWAYS_SEARCH_USER_PATHS = NO;
				CLANG_ANALYZER_NONNULL = YES;
				CLANG_ANALYZER_NUMBER_OBJECT_CONVERSION = YES_AGGRESSIVE;
				CLANG_CXX_LANGUAGE_STANDARD = "gnu++14";
				CLANG_CXX_LIBRARY = "libc++";
				CLANG_ENABLE_MODULES = YES;
				CLANG_ENABLE_OBJC_ARC = YES;
				CLANG_WARN_BLOCK_CAPTURE_AUTORELEASING = YES;
				CLANG_WARN_BOOL_CONVERSION = YES;
				CLANG_WARN_COMMA = YES;
				CLANG_WARN_CONSTANT_CONVERSION = YES;
				CLANG_WARN_DIRECT_OBJC_ISA_USAGE = YES_ERROR;
				CLANG_WARN_DOCUMENTATION_COMMENTS = YES;
				CLANG_WARN_EMPTY_BODY = YES;
				CLANG_WARN_ENUM_CONVERSION = YES;
				CLANG_WARN_INFINITE_RECURSION = YES;
				CLANG_WARN_INT_CONVERSION = YES;
				CLANG_WARN_NON_LITERAL_NULL_CONVERSION = YES;
				CLANG_WARN_OBJC_LITERAL_CONVERSION = YES;
				CLANG_WARN_OBJC_ROOT_CLASS = YES_ERROR;
				CLANG_WARN_RANGE_LOOP_ANALYSIS = YES;
				CLANG_WARN_STRICT_PROTOTYPES = YES;
				CLANG_WARN_SUSPICIOUS_MOVE = YES;
				CLANG_WARN_UNGUARDED_AVAILABILITY = YES_AGGRESSIVE;
				CLANG_WARN_UNREACHABLE_CODE = YES;
				CLANG_WARN__DUPLICATE_METHOD_MATCH = YES;
				CODE_SIGN_IDENTITY = "iPhone Developer";
				COPY_PHASE_STRIP = NO;
				DEBUG_INFORMATION_FORMAT = "dwarf-with-dsym";
				ENABLE_NS_ASSERTIONS = NO;
				ENABLE_STRICT_OBJC_MSGSEND = YES;
				GCC_C_LANGUAGE_STANDARD = gnu11;
				GCC_NO_COMMON_BLOCKS = YES;
				GCC_WARN_64_TO_32_BIT_CONVERSION = YES;
				GCC_WARN_ABOUT_RETURN_TYPE = YES_ERROR;
				GCC_WARN_UNDECLARED_SELECTOR = YES;
				GCC_WARN_UNINITIALIZED_AUTOS = YES_AGGRESSIVE;
				GCC_WARN_UNUSED_FUNCTION = YES;
				GCC_WARN_UNUSED_VARIABLE = YES;
				IPHONEOS_DEPLOYMENT_TARGET = 11.2;
				MTL_ENABLE_DEBUG_INFO = NO;
				SDKROOT = iphoneos;
				VALIDATE_PRODUCT = YES;
			};
			name = Release;
		};
		F26736D2203EA1090079FB76 /* Debug */ = {
			isa = XCBuildConfiguration;
			buildSettings = {
				ASSETCATALOG_COMPILER_APPICON_NAME = AppIcon;
				CODE_SIGN_STYLE = Automatic;
				DEVELOPMENT_TEAM = RP3T2TXYJC;
				INFOPLIST_FILE = QYParallaxScrollViewDemo/Info.plist;
				LD_RUNPATH_SEARCH_PATHS = "$(inherited) @executable_path/Frameworks";
				PRODUCT_BUNDLE_IDENTIFIER = com.qeye.QYParallaxScrollViewDemo;
				PRODUCT_NAME = "$(TARGET_NAME)";
				TARGETED_DEVICE_FAMILY = "1,2";
			};
			name = Debug;
		};
		F26736D3203EA1090079FB76 /* Release */ = {
			isa = XCBuildConfiguration;
			buildSettings = {
				ASSETCATALOG_COMPILER_APPICON_NAME = AppIcon;
				CODE_SIGN_STYLE = Automatic;
				DEVELOPMENT_TEAM = RP3T2TXYJC;
				INFOPLIST_FILE = QYParallaxScrollViewDemo/Info.plist;
				LD_RUNPATH_SEARCH_PATHS = "$(inherited) @executable_path/Frameworks";
				PRODUCT_BUNDLE_IDENTIFIER = com.qeye.QYParallaxScrollViewDemo;
				PRODUCT_NAME = "$(TARGET_NAME)";
				TARGETED_DEVICE_FAMILY = "1,2";
			};
			name = Release;
		};
/* End XCBuildConfiguration section */

/* Begin XCConfigurationList section */
		F26736B6203EA1090079FB76 /* Build configuration list for PBXProject "QYParallaxScrollViewDemo" */ = {
			isa = XCConfigurationList;
			buildConfigurations = (
				F26736CF203EA1090079FB76 /* Debug */,
				F26736D0203EA1090079FB76 /* Release */,
			);
			defaultConfigurationIsVisible = 0;
			defaultConfigurationName = Release;
		};
		F26736D1203EA1090079FB76 /* Build configuration list for PBXNativeTarget "QYParallaxScrollViewDemo" */ = {
			isa = XCConfigurationList;
			buildConfigurations = (
				F26736D2203EA1090079FB76 /* Debug */,
				F26736D3203EA1090079FB76 /* Release */,
			);
			defaultConfigurationIsVisible = 0;
			defaultConfigurationName = Release;
		};
/* End XCConfigurationList section */
	};
	rootObject = F26736B3203EA1080079FB76 /* Project object */;
}
